{
  "object": {
    "pins": [
      {
        "package": "SwiftIOKitBridge",
        "repositoryURL": "https://github.com/armadsen/SwiftIOKitBridge",
        "state": {
          "branch": null,
          "revision": "9e1ce6b745d5a970b54bffd504c829c36342673d",
          "version": "1.0.0"
        }
      }
    ]
  },
  "version": 1
}
